<?xml version="1.0" encoding="UTF-8" standalone="yes" ?>
<CodeBlocks_project_file>
	<FileVersion major="1" minor="6" />
	<Project>
		<Option title="remoteAPI" />
		<Option pch_mode="2" />
		<Option compiler="gcc" />
		<Build>
			<Target title="Debug">
				<Option output="bin/Debug/remoteAPI" prefix_auto="1" extension_auto="1" />
				<Option object_output="obj/Debug/" />
				<Option type="1" />
				<Option compiler="gcc" />
				<Compiler>
					<Add option="-g" />
					<Add option="-DNON_MATLAB_PARSING" />
					<Add option="-DMAX_EXT_API_CONNECTIONS=255" />
				</Compiler>
			</Target>
			<Target title="Release">
				<Option output="bin/Release/remoteAPI" prefix_auto="1" extension_auto="1" />
				<Option object_output="obj/Release/" />
				<Option type="1" />
				<Option compiler="gcc" />
				<Compiler>
					<Add option="-O2" />
				</Compiler>
				<Linker>
					<Add option="-s" />
				</Linker>
			</Target>
		</Build>
		<Compiler>
			<Add option="-Wall" />
			<Add option="-fexceptions" />
		</Compiler>
		<Unit filename="main.cpp" />
		<Unit filename="remoteApi/extApi.c">
			<Option compilerVar="CC" />
		</Unit>
		<Unit filename="remoteApi/extApi.h" />
		<Unit filename="remoteApi/extApiInternal.h" />
		<Unit filename="remoteApi/extApiPlatform.c">
			<Option compilerVar="CC" />
		</Unit>
		<Unit filename="remoteApi/extApiPlatform.h" />
		<Unit filename="remoteApi/v_repConst.h" />
		<Unit filename="remoteApi/v_repLib.h" />
		<Unit filename="remoteApi/v_repTypes.h" />
		<Unit filename="rs232.c">
			<Option compilerVar="CC" />
		</Unit>
		<Unit filename="rs232.h" />
		<Extensions>
			<code_completion />
			<envvars />
			<debugger />
			<lib_finder disable_auto="1" />
		</Extensions>
	</Project>
</CodeBlocks_project_file>
