<?xml version="1.0" encoding="UTF-8" standalone="yes" ?>
<CodeBlocks_project_file>
	<FileVersion major="1" minor="6" />
	<Project>
		<Option title="FluxProg" />
		<Option pch_mode="2" />
		<Option compiler="gcc" />
		<Build>
			<Target title="Debug">
				<Option output="bin/Debug/FluxProg" prefix_auto="1" extension_auto="1" />
				<Option object_output="obj/Debug/" />
				<Option type="1" />
				<Option compiler="gcc" />
				<Compiler>
					<Add option="-g" />
					<Add directory="../../Linux/FluxProg/include" />
				</Compiler>
				<Linker>
					<Add option="-static-libstdc++" />
					<Add option="-static-libgcc" />
					<Add directory="../../Linux/FluxProg/include" />
				</Linker>
			</Target>
			<Target title="Release">
				<Option output="bin/Release/FluxProg" prefix_auto="1" extension_auto="1" />
				<Option object_output="obj/Release/" />
				<Option type="1" />
				<Option compiler="gcc" />
				<Compiler>
					<Add option="-O2" />
				</Compiler>
				<Linker>
					<Add option="-s" />
				</Linker>
			</Target>
		</Build>
		<Compiler>
			<Add option="-Wall" />
			<Add option="-fexceptions" />
		</Compiler>
		<Unit filename="../../Linux/FluxProg/include/ActionBlock.hpp" />
		<Unit filename="../../Linux/FluxProg/include/Block.hpp" />
		<Unit filename="../../Linux/FluxProg/include/Communication.hpp" />
		<Unit filename="../../Linux/FluxProg/include/ConditionalBlock.hpp" />
		<Unit filename="../../Linux/FluxProg/include/EndBlock.hpp" />
		<Unit filename="../../Linux/FluxProg/include/FluxProg.hpp" />
		<Unit filename="../../Linux/FluxProg/include/Interface.hpp" />
		<Unit filename="../../Linux/FluxProg/include/LoadFile.hpp" />
		<Unit filename="../../Linux/FluxProg/include/LoopBlock.hpp" />
		<Unit filename="../../Linux/FluxProg/include/MergeBlock.hpp" />
		<Unit filename="../../Linux/FluxProg/include/ProgrammingBlock.hpp" />
		<Unit filename="../../Linux/FluxProg/include/SaveFile.hpp" />
		<Unit filename="../../Linux/FluxProg/include/StartBlock.hpp" />
		<Unit filename="../../Linux/FluxProg/include/fluxProgCte.h" />
		<Unit filename="../../Linux/FluxProg/source/ActionBlock.cpp" />
		<Unit filename="../../Linux/FluxProg/source/Block.cpp" />
		<Unit filename="../../Linux/FluxProg/source/Communication.cpp" />
		<Unit filename="../../Linux/FluxProg/source/ConditionalBlock.cpp" />
		<Unit filename="../../Linux/FluxProg/source/EndBlock.cpp" />
		<Unit filename="../../Linux/FluxProg/source/FluxProg.cpp" />
		<Unit filename="../../Linux/FluxProg/source/Interface.cpp" />
		<Unit filename="../../Linux/FluxProg/source/LoadFile.cpp" />
		<Unit filename="../../Linux/FluxProg/source/LoopBlock.cpp" />
		<Unit filename="../../Linux/FluxProg/source/MergeBlock.cpp" />
		<Unit filename="../../Linux/FluxProg/source/ProgrammingBlock.cpp" />
		<Unit filename="../../Linux/FluxProg/source/SaveFile.cpp" />
		<Unit filename="../../Linux/FluxProg/source/StartBlock.cpp" />
		<Unit filename="../../Linux/FluxProg/source/main.cpp" />
		<Extensions>
			<code_completion />
			<envvars />
			<debugger />
			<lib_finder disable_auto="1" />
		</Extensions>
	</Project>
</CodeBlocks_project_file>
